
Microsoft Visual Studio Solution File, Format Version 12.00
# Visual Studio Version 17
VisualStudioVersion = 17.4.33213.308
MinimumVisualStudioVersion = 10.0.40219.1
Project("{FAE04EC0-301F-11D3-BF4B-00C04F79EFBC}") = "BankAccount", "BankAccount\BankAccount.csproj", "{93EFEBB6-1E48-4B2E-9C16-7564EC3E6051}"
EndProject
Global
	GlobalSection(SolutionConfigurationPlatforms) = preSolution
		Debug|Any CPU = Debug|Any CPU
		Release|Any CPU = Release|Any CPU
	EndGlobalSection
	GlobalSection(ProjectConfigurationPlatforms) = postSolution
		{93EFEBB6-1E48-4B2E-9C16-7564EC3E6051}.Debug|Any CPU.ActiveCfg = Debug|Any CPU
		{93EFEBB6-1E48-4B2E-9C16-7564EC3E6051}.Debug|Any CPU.Build.0 = Debug|Any CPU
		{93EFEBB6-1E48-4B2E-9C16-7564EC3E6051}.Release|Any CPU.ActiveCfg = Release|Any CPU
		{93EFEBB6-1E48-4B2E-9C16-7564EC3E6051}.Release|Any CPU.Build.0 = Release|Any CPU
	EndGlobalSection
	GlobalSection(SolutionProperties) = preSolution
		HideSolutionNode = FALSE
	EndGlobalSection
	GlobalSection(ExtensibilityGlobals) = postSolution
		SolutionGuid = {FAE9ABB4-D7B6-452A-A629-9EE6769979C2}
	EndGlobalSection
EndGlobal
